
Microsoft Visual Studio Solution File, Format Version 12.00
# Visual Studio 15
VisualStudioVersion = 15.0.26730.16
MinimumVisualStudioVersion = 10.0.40219.1
Project("{9A19103F-16F7-4668-BE54-9A1E7A4F7556}") = "auth_net", "auth_net\auth_net.csproj", "{08FF45D6-273D-4E61-A231-6E7A798022FD}"
EndProject
Global
	GlobalSection(SolutionConfigurationPlatforms) = preSolution
		Debug|Any CPU = Debug|Any CPU
		Release|Any CPU = Release|Any CPU
	EndGlobalSection
	GlobalSection(ProjectConfigurationPlatforms) = postSolution
		{08FF45D6-273D-4E61-A231-6E7A798022FD}.Debug|Any CPU.ActiveCfg = Debug|Any CPU
		{08FF45D6-273D-4E61-A231-6E7A798022FD}.Debug|Any CPU.Build.0 = Debug|Any CPU
		{08FF45D6-273D-4E61-A231-6E7A798022FD}.Release|Any CPU.ActiveCfg = Release|Any CPU
		{08FF45D6-273D-4E61-A231-6E7A798022FD}.Release|Any CPU.Build.0 = Release|Any CPU
	EndGlobalSection
	GlobalSection(SolutionProperties) = preSolution
		HideSolutionNode = FALSE
	EndGlobalSection
	GlobalSection(ExtensibilityGlobals) = postSolution
		SolutionGuid = {7D034DAF-7518-4FA3-B058-3C45F8363CE3}
	EndGlobalSection
EndGlobal
